// !$*UTF8*$!
{
	archiveVersion = 1;
	classes = {
	};
	objectVersion = 48;
	objects = {

/* Begin PBXBuildFile section */
		844225622213EB4800181D23 /* AppDelegate.m in Sources */ = {isa = PBXBuildFile; fileRef = 844225612213EB4800181D23 /* AppDelegate.m */; };
		844225652213EB4800181D23 /* ViewController.m in Sources */ = {isa = PBXBuildFile; fileRef = 844225642213EB4800181D23 /* ViewController.m */; };
		844225682213EB4800181D23 /* Main.storyboard in Resources */ = {isa = PBXBuildFile; fileRef = 844225662213EB4800181D23 /* Main.storyboard */; };
		8442256A2213EB4800181D23 /* Assets.xcassets in Resources */ = {isa = PBXBuildFile; fileRef = 844225692213EB4800181D23 /* Assets.xcassets */; };
		8442256D2213EB4800181D23 /* LaunchScreen.storyboard in Resources */ = {isa = PBXBuildFile; fileRef = 8442256B2213EB4800181D23 /* LaunchScreen.storyboard */; };
		844225702213EB4800181D23 /* main.m in Sources */ = {isa = PBXBuildFile; fileRef = 8442256F2213EB4800181D23 /* main.m */; };
		8442257A2213EB4800181D23 /* CrashDemoTests.m in Sources */ = {isa = PBXBuildFile; fileRef = 844225792213EB4800181D23 /* CrashDemoTests.m */; };
		844225852213EB4800181D23 /* CrashDemoUITests.m in Sources */ = {isa = PBXBuildFile; fileRef = 844225842213EB4800181D23 /* CrashDemoUITests.m */; };
		844225942213EB8300181D23 /* MyUncaughtExceptionHandler.m in Sources */ = {isa = PBXBuildFile; fileRef = 844225932213EB8300181D23 /* MyUncaughtExceptionHandler.m */; };
/* End PBXBuildFile section */

/* Begin PBXContainerItemProxy section */
		844225762213EB4800181D23 /* PBXContainerItemProxy */ = {
			isa = PBXContainerItemProxy;
			containerPortal = 844225552213EB4800181D23 /* Project object */;
			proxyType = 1;
			remoteGlobalIDString = 8442255C2213EB4800181D23;
			remoteInfo = CrashDemo;
		};
		844225812213EB4800181D23 /* PBXContainerItemProxy */ = {
			isa = PBXContainerItemProxy;
			containerPortal = 844225552213EB4800181D23 /* Project object */;
			proxyType = 1;
			remoteGlobalIDString = 8442255C2213EB4800181D23;
			remoteInfo = CrashDemo;
		};
/* End PBXContainerItemProxy section */

/* Begin PBXFileReference section */
		8442255D2213EB4800181D23 /* CrashDemo.app */ = {isa = PBXFileReference; explicitFileType = wrapper.application; includeInIndex = 0; path = CrashDemo.app; sourceTree = BUILT_PRODUCTS_DIR; };
		844225602213EB4800181D23 /* AppDelegate.h */ = {isa = PBXFileReference; lastKnownFileType = sourcecode.c.h; path = AppDelegate.h; sourceTree = "<group>"; };
		844225612213EB4800181D23 /* AppDelegate.m */ = {isa = PBXFileReference; lastKnownFileType = sourcecode.c.objc; path = AppDelegate.m; sourceTree = "<group>"; };
		844225632213EB4800181D23 /* ViewController.h */ = {isa = PBXFileReference; lastKnownFileType = sourcecode.c.h; path = ViewController.h; sourceTree = "<group>"; };
		844225642213EB4800181D23 /* ViewController.m */ = {isa = PBXFileReference; lastKnownFileType = sourcecode.c.objc; path = ViewController.m; sourceTree = "<group>"; };
		844225672213EB4800181D23 /* Base */ = {isa = PBXFileReference; lastKnownFileType = file.storyboard; name = Base; path = Base.lproj/Main.storyboard; sourceTree = "<group>"; };
		844225692213EB4800181D23 /* Assets.xcassets */ = {isa = PBXFileReference; lastKnownFileType = folder.assetcatalog; path = Assets.xcassets; sourceTree = "<group>"; };
		8442256C2213EB4800181D23 /* Base */ = {isa = PBXFileReference; lastKnownFileType = file.storyboard; name = Base; path = Base.lproj/LaunchScreen.storyboard; sourceTree = "<group>"; };
		8442256E2213EB4800181D23 /* Info.plist */ = {isa = PBXFileReference; lastKnownFileType = text.plist.xml; path = Info.plist; sourceTree = "<group>"; };
		8442256F2213EB4800181D23 /* main.m */ = {isa = PBXFileReference; lastKnownFileType = sourcecode.c.objc; path = main.m; sourceTree = "<group>"; };
		844225752213EB4800181D23 /* CrashDemoTests.xctest */ = {isa = PBXFileReference; explicitFileType = wrapper.cfbundle; includeInIndex = 0; path = CrashDemoTests.xctest; sourceTree = BUILT_PRODUCTS_DIR; };
		844225792213EB4800181D23 /* CrashDemoTests.m */ = {isa = PBXFileReference; lastKnownFileType = sourcecode.c.objc; path = CrashDemoTests.m; sourceTree = "<group>"; };
		8442257B2213EB4800181D23 /* Info.plist */ = {isa = PBXFileReference; lastKnownFileType = text.plist.xml; path = Info.plist; sourceTree = "<group>"; };
		844225802213EB4800181D23 /* CrashDemoUITests.xctest */ = {isa = PBXFileReference; explicitFileType = wrapper.cfbundle; includeInIndex = 0; path = CrashDemoUITests.xctest; sourceTree = BUILT_PRODUCTS_DIR; };
		844225842213EB4800181D23 /* CrashDemoUITests.m */ = {isa = PBXFileReference; lastKnownFileType = sourcecode.c.objc; path = CrashDemoUITests.m; sourceTree = "<group>"; };
		844225862213EB4800181D23 /* Info.plist */ = {isa = PBXFileReference; lastKnownFileType = text.plist.xml; path = Info.plist; sourceTree = "<group>"; };
		844225922213EB8300181D23 /* MyUncaughtExceptionHandler.h */ = {isa = PBXFileReference; lastKnownFileType = sourcecode.c.h; path = MyUncaughtExceptionHandler.h; sourceTree = "<group>"; };
		844225932213EB8300181D23 /* MyUncaughtExceptionHandler.m */ = {isa = PBXFileReference; lastKnownFileType = sourcecode.c.objc; path = MyUncaughtExceptionHandler.m; sourceTree = "<group>"; };
/* End PBXFileReference section */

/* Begin PBXFrameworksBuildPhase section */
		8442255A2213EB4800181D23 /* Frameworks */ = {
			isa = PBXFrameworksBuildPhase;
			buildActionMask = 2147483647;
			files = (
			);
			runOnlyForDeploymentPostprocessing = 0;
		};
		844225722213EB4800181D23 /* Frameworks */ = {
			isa = PBXFrameworksBuildPhase;
			buildActionMask = 2147483647;
			files = (
			);
			runOnlyForDeploymentPostprocessing = 0;
		};
		8442257D2213EB4800181D23 /* Frameworks */ = {
			isa = PBXFrameworksBuildPhase;
			buildActionMask = 2147483647;
			files = (
			);
			runOnlyForDeploymentPostprocessing = 0;
		};
/* End PBXFrameworksBuildPhase section */

/* Begin PBXGroup section */
		844225542213EB4800181D23 = {
			isa = PBXGroup;
			children = (
				8442255F2213EB4800181D23 /* CrashDemo */,
				844225782213EB4800181D23 /* CrashDemoTests */,
				844225832213EB4800181D23 /* CrashDemoUITests */,
				8442255E2213EB4800181D23 /* Products */,
			);
			sourceTree = "<group>";
		};
		8442255E2213EB4800181D23 /* Products */ = {
			isa = PBXGroup;
			children = (
				8442255D2213EB4800181D23 /* CrashDemo.app */,
				844225752213EB4800181D23 /* CrashDemoTests.xctest */,
				844225802213EB4800181D23 /* CrashDemoUITests.xctest */,
			);
			name = Products;
			sourceTree = "<group>";
		};
		8442255F2213EB4800181D23 /* CrashDemo */ = {
			isa = PBXGroup;
			children = (
				844225602213EB4800181D23 /* AppDelegate.h */,
				844225612213EB4800181D23 /* AppDelegate.m */,
				844225922213EB8300181D23 /* MyUncaughtExceptionHandler.h */,
				844225932213EB8300181D23 /* MyUncaughtExceptionHandler.m */,
				844225632213EB4800181D23 /* ViewController.h */,
				844225642213EB4800181D23 /* ViewController.m */,
				844225662213EB4800181D23 /* Main.storyboard */,
				844225692213EB4800181D23 /* Assets.xcassets */,
				8442256B2213EB4800181D23 /* LaunchScreen.storyboard */,
				8442256E2213EB4800181D23 /* Info.plist */,
				8442256F2213EB4800181D23 /* main.m */,
			);
			path = CrashDemo;
			sourceTree = "<group>";
		};
		844225782213EB4800181D23 /* CrashDemoTests */ = {
			isa = PBXGroup;
			children = (
				844225792213EB4800181D23 /* CrashDemoTests.m */,
				8442257B2213EB4800181D23 /* Info.plist */,
			);
			path = CrashDemoTests;
			sourceTree = "<group>";
		};
		844225832213EB4800181D23 /* CrashDemoUITests */ = {
			isa = PBXGroup;
			children = (
				844225842213EB4800181D23 /* CrashDemoUITests.m */,
				844225862213EB4800181D23 /* Info.plist */,
			);
			path = CrashDemoUITests;
			sourceTree = "<group>";
		};
/* End PBXGroup section */

/* Begin PBXNativeTarget section */
		8442255C2213EB4800181D23 /* CrashDemo */ = {
			isa = PBXNativeTarget;
			buildConfigurationList = 844225892213EB4800181D23 /* Build configuration list for PBXNativeTarget "CrashDemo" */;
			buildPhases = (
				844225592213EB4800181D23 /* Sources */,
				8442255A2213EB4800181D23 /* Frameworks */,
				8442255B2213EB4800181D23 /* Resources */,
			);
			buildRules = (
			);
			dependencies = (
			);
			name = CrashDemo;
			productName = CrashDemo;
			productReference = 8442255D2213EB4800181D23 /* CrashDemo.app */;
			productType = "com.apple.product-type.application";
		};
		844225742213EB4800181D23 /* CrashDemoTests */ = {
			isa = PBXNativeTarget;
			buildConfigurationList = 8442258C2213EB4800181D23 /* Build configuration list for PBXNativeTarget "CrashDemoTests" */;
			buildPhases = (
				844225712213EB4800181D23 /* Sources */,
				844225722213EB4800181D23 /* Frameworks */,
				844225732213EB4800181D23 /* Resources */,
			);
			buildRules = (
			);
			dependencies = (
				844225772213EB4800181D23 /* PBXTargetDependency */,
			);
			name = CrashDemoTests;
			productName = CrashDemoTests;
			productReference = 844225752213EB4800181D23 /* CrashDemoTests.xctest */;
			productType = "com.apple.product-type.bundle.unit-test";
		};
		8442257F2213EB4800181D23 /* CrashDemoUITests */ = {
			isa = PBXNativeTarget;
			buildConfigurationList = 8442258F2213EB4800181D23 /* Build configuration list for PBXNativeTarget "CrashDemoUITests" */;
			buildPhases = (
				8442257C2213EB4800181D23 /* Sources */,
				8442257D2213EB4800181D23 /* Frameworks */,
				8442257E2213EB4800181D23 /* Resources */,
			);
			buildRules = (
			);
			dependencies = (
				844225822213EB4800181D23 /* PBXTargetDependency */,
			);
			name = CrashDemoUITests;
			productName = CrashDemoUITests;
			productReference = 844225802213EB4800181D23 /* CrashDemoUITests.xctest */;
			productType = "com.apple.product-type.bundle.ui-testing";
		};
/* End PBXNativeTarget section */

/* Begin PBXProject section */
		844225552213EB4800181D23 /* Project object */ = {
			isa = PBXProject;
			attributes = {
				LastUpgradeCheck = 0920;
				ORGANIZATIONNAME = Morse;
				TargetAttributes = {
					8442255C2213EB4800181D23 = {
						CreatedOnToolsVersion = 9.2;
						ProvisioningStyle = Automatic;
					};
					844225742213EB4800181D23 = {
						CreatedOnToolsVersion = 9.2;
						ProvisioningStyle = Automatic;
						TestTargetID = 8442255C2213EB4800181D23;
					};
					8442257F2213EB4800181D23 = {
						CreatedOnToolsVersion = 9.2;
						ProvisioningStyle = Automatic;
						TestTargetID = 8442255C2213EB4800181D23;
					};
				};
			};
			buildConfigurationList = 844225582213EB4800181D23 /* Build configuration list for PBXProject "CrashDemo" */;
			compatibilityVersion = "Xcode 8.0";
			developmentRegion = en;
			hasScannedForEncodings = 0;
			knownRegions = (
				en,
				Base,
			);
			mainGroup = 844225542213EB4800181D23;
			productRefGroup = 8442255E2213EB4800181D23 /* Products */;
			projectDirPath = "";
			projectRoot = "";
			targets = (
				8442255C2213EB4800181D23 /* CrashDemo */,
				844225742213EB4800181D23 /* CrashDemoTests */,
				8442257F2213EB4800181D23 /* CrashDemoUITests */,
			);
		};
/* End PBXProject section */

/* Begin PBXResourcesBuildPhase section */
		8442255B2213EB4800181D23 /* Resources */ = {
			isa = PBXResourcesBuildPhase;
			buildActionMask = 2147483647;
			files = (
				8442256D2213EB4800181D23 /* LaunchScreen.storyboard in Resources */,
				8442256A2213EB4800181D23 /* Assets.xcassets in Resources */,
				844225682213EB4800181D23 /* Main.storyboard in Resources */,
			);
			runOnlyForDeploymentPostprocessing = 0;
		};
		844225732213EB4800181D23 /* Resources */ = {
			isa = PBXResourcesBuildPhase;
			buildActionMask = 2147483647;
			files = (
			);
			runOnlyForDeploymentPostprocessing = 0;
		};
		8442257E2213EB4800181D23 /* Resources */ = {
			isa = PBXResourcesBuildPhase;
			buildActionMask = 2147483647;
			files = (
			);
			runOnlyForDeploymentPostprocessing = 0;
		};
/* End PBXResourcesBuildPhase section */

/* Begin PBXSourcesBuildPhase section */
		844225592213EB4800181D23 /* Sources */ = {
			isa = PBXSourcesBuildPhase;
			buildActionMask = 2147483647;
			files = (
				844225652213EB4800181D23 /* ViewController.m in Sources */,
				844225942213EB8300181D23 /* MyUncaughtExceptionHandler.m in Sources */,
				844225702213EB4800181D23 /* main.m in Sources */,
				844225622213EB4800181D23 /* AppDelegate.m in Sources */,
			);
			runOnlyForDeploymentPostprocessing = 0;
		};
		844225712213EB4800181D23 /* Sources */ = {
			isa = PBXSourcesBuildPhase;
			buildActionMask = 2147483647;
			files = (
				8442257A2213EB4800181D23 /* CrashDemoTests.m in Sources */,
			);
			runOnlyForDeploymentPostprocessing = 0;
		};
		8442257C2213EB4800181D23 /* Sources */ = {
			isa = PBXSourcesBuildPhase;
			buildActionMask = 2147483647;
			files = (
				844225852213EB4800181D23 /* CrashDemoUITests.m in Sources */,
			);
			runOnlyForDeploymentPostprocessing = 0;
		};
/* End PBXSourcesBuildPhase section */

/* Begin PBXTargetDependency section */
		844225772213EB4800181D23 /* PBXTargetDependency */ = {
			isa = PBXTargetDependency;
			target = 8442255C2213EB4800181D23 /* CrashDemo */;
			targetProxy = 844225762213EB4800181D23 /* PBXContainerItemProxy */;
		};
		844225822213EB4800181D23 /* PBXTargetDependency */ = {
			isa = PBXTargetDependency;
			target = 8442255C2213EB4800181D23 /* CrashDemo */;
			targetProxy = 844225812213EB4800181D23 /* PBXContainerItemProxy */;
		};
/* End PBXTargetDependency section */

/* Begin PBXVariantGroup section */
		844225662213EB4800181D23 /* Main.storyboard */ = {
			isa = PBXVariantGroup;
			children = (
				844225672213EB4800181D23 /* Base */,
			);
			name = Main.storyboard;
			sourceTree = "<group>";
		};
		8442256B2213EB4800181D23 /* LaunchScreen.storyboard */ = {
			isa = PBXVariantGroup;
			children = (
				8442256C2213EB4800181D23 /* Base */,
			);
			name = LaunchScreen.storyboard;
			sourceTree = "<group>";
		};
/* End PBXVariantGroup section */

/* Begin XCBuildConfiguration section */
		844225872213EB4800181D23 /* Debug */ = {
			isa = XCBuildConfiguration;
			buildSettings = {
				ALWAYS_SEARCH_USER_PATHS = NO;
				CLANG_ANALYZER_NONNULL = YES;
				CLANG_ANALYZER_NUMBER_OBJECT_CONVERSION = YES_AGGRESSIVE;
				CLANG_CXX_LANGUAGE_STANDARD = "gnu++14";
				CLANG_CXX_LIBRARY = "libc++";
				CLANG_ENABLE_MODULES = YES;
				CLANG_ENABLE_OBJC_ARC = YES;
				CLANG_WARN_BLOCK_CAPTURE_AUTORELEASING = YES;
				CLANG_WARN_BOOL_CONVERSION = YES;
				CLANG_WARN_COMMA = YES;
				CLANG_WARN_CONSTANT_CONVERSION = YES;
				CLANG_WARN_DIRECT_OBJC_ISA_USAGE = YES_ERROR;
				CLANG_WARN_DOCUMENTATION_COMMENTS = YES;
				CLANG_WARN_EMPTY_BODY = YES;
				CLANG_WARN_ENUM_CONVERSION = YES;
				CLANG_WARN_INFINITE_RECURSION = YES;
				CLANG_WARN_INT_CONVERSION = YES;
				CLANG_WARN_NON_LITERAL_NULL_CONVERSION = YES;
				CLANG_WARN_OBJC_LITERAL_CONVERSION = YES;
				CLANG_WARN_OBJC_ROOT_CLASS = YES_ERROR;
				CLANG_WARN_RANGE_LOOP_ANALYSIS = YES;
				CLANG_WARN_STRICT_PROTOTYPES = YES;
				CLANG_WARN_SUSPICIOUS_MOVE = YES;
				CLANG_WARN_UNGUARDED_AVAILABILITY = YES_AGGRESSIVE;
				CLANG_WARN_UNREACHABLE_CODE = YES;
				CLANG_WARN__DUPLICATE_METHOD_MATCH = YES;
				CODE_SIGN_IDENTITY = "iPhone Developer";
				COPY_PHASE_STRIP = NO;
				DEBUG_INFORMATION_FORMAT = dwarf;
				ENABLE_STRICT_OBJC_MSGSEND = YES;
				ENABLE_TESTABILITY = YES;
				GCC_C_LANGUAGE_STANDARD = gnu11;
				GCC_DYNAMIC_NO_PIC = NO;
				GCC_NO_COMMON_BLOCKS = YES;
				GCC_OPTIMIZATION_LEVEL = 0;
				GCC_PREPROCESSOR_DEFINITIONS = (
					"DEBUG=1",
					"$(inherited)",
				);
				GCC_WARN_64_TO_32_BIT_CONVERSION = YES;
				GCC_WARN_ABOUT_RETURN_TYPE = YES_ERROR;
				GCC_WARN_UNDECLARED_SELECTOR = YES;
				GCC_WARN_UNINITIALIZED_AUTOS = YES_AGGRESSIVE;
				GCC_WARN_UNUSED_FUNCTION = YES;
				GCC_WARN_UNUSED_VARIABLE = YES;
				IPHONEOS_DEPLOYMENT_TARGET = 11.2;
				MTL_ENABLE_DEBUG_INFO = YES;
				ONLY_ACTIVE_ARCH = YES;
				SDKROOT = iphoneos;
			};
			name = Debug;
		};
		844225882213EB4800181D23 /* Release */ = {
			isa = XCBuildConfiguration;
			buildSettings = {
				ALWAYS_SEARCH_USER_PATHS = NO;
				CLANG_ANALYZER_NONNULL = YES;
				CLANG_ANALYZER_NUMBER_OBJECT_CONVERSION = YES_AGGRESSIVE;
				CLANG_CXX_LANGUAGE_STANDARD = "gnu++14";
				CLANG_CXX_LIBRARY = "libc++";
				CLANG_ENABLE_MODULES = YES;
				CLANG_ENABLE_OBJC_ARC = YES;
				CLANG_WARN_BLOCK_CAPTURE_AUTORELEASING = YES;
				CLANG_WARN_BOOL_CONVERSION = YES;
				CLANG_WARN_COMMA = YES;
				CLANG_WARN_CONSTANT_CONVERSION = YES;
				CLANG_WARN_DIRECT_OBJC_ISA_USAGE = YES_ERROR;
				CLANG_WARN_DOCUMENTATION_COMMENTS = YES;
				CLANG_WARN_EMPTY_BODY = YES;
				CLANG_WARN_ENUM_CONVERSION = YES;
				CLANG_WARN_INFINITE_RECURSION = YES;
				CLANG_WARN_INT_CONVERSION = YES;
				CLANG_WARN_NON_LITERAL_NULL_CONVERSION = YES;
				CLANG_WARN_OBJC_LITERAL_CONVERSION = YES;
				CLANG_WARN_OBJC_ROOT_CLASS = YES_ERROR;
				CLANG_WARN_RANGE_LOOP_ANALYSIS = YES;
				CLANG_WARN_STRICT_PROTOTYPES = YES;
				CLANG_WARN_SUSPICIOUS_MOVE = YES;
				CLANG_WARN_UNGUARDED_AVAILABILITY = YES_AGGRESSIVE;
				CLANG_WARN_UNREACHABLE_CODE = YES;
				CLANG_WARN__DUPLICATE_METHOD_MATCH = YES;
				CODE_SIGN_IDENTITY = "iPhone Developer";
				COPY_PHASE_STRIP = NO;
				DEBUG_INFORMATION_FORMAT = "dwarf-with-dsym";
				ENABLE_NS_ASSERTIONS = NO;
				ENABLE_STRICT_OBJC_MSGSEND = YES;
				GCC_C_LANGUAGE_STANDARD = gnu11;
				GCC_NO_COMMON_BLOCKS = YES;
				GCC_WARN_64_TO_32_BIT_CONVERSION = YES;
				GCC_WARN_ABOUT_RETURN_TYPE = YES_ERROR;
				GCC_WARN_UNDECLARED_SELECTOR = YES;
				GCC_WARN_UNINITIALIZED_AUTOS = YES_AGGRESSIVE;
				GCC_WARN_UNUSED_FUNCTION = YES;
				GCC_WARN_UNUSED_VARIABLE = YES;
				IPHONEOS_DEPLOYMENT_TARGET = 11.2;
				MTL_ENABLE_DEBUG_INFO = NO;
				SDKROOT = iphoneos;
				VALIDATE_PRODUCT = YES;
			};
			name = Release;
		};
		8442258A2213EB4800181D23 /* Debug */ = {
			isa = XCBuildConfiguration;
			buildSettings = {
				ASSETCATALOG_COMPILER_APPICON_NAME = AppIcon;
				CODE_SIGN_STYLE = Automatic;
				DEVELOPMENT_TEAM = PF9HQJWL24;
				INFOPLIST_FILE = CrashDemo/Info.plist;
				IPHONEOS_DEPLOYMENT_TARGET = 9.0;
				LD_RUNPATH_SEARCH_PATHS = "$(inherited) @executable_path/Frameworks";
				PRODUCT_BUNDLE_IDENTIFIER = com.morse.CrashDemo;
				PRODUCT_NAME = "$(TARGET_NAME)";
				TARGETED_DEVICE_FAMILY = "1,2";
			};
			name = Debug;
		};
		8442258B2213EB4800181D23 /* Release */ = {
			isa = XCBuildConfiguration;
			buildSettings = {
				ASSETCATALOG_COMPILER_APPICON_NAME = AppIcon;
				CODE_SIGN_STYLE = Automatic;
				DEVELOPMENT_TEAM = PF9HQJWL24;
				INFOPLIST_FILE = CrashDemo/Info.plist;
				IPHONEOS_DEPLOYMENT_TARGET = 9.0;
				LD_RUNPATH_SEARCH_PATHS = "$(inherited) @executable_path/Frameworks";
				PRODUCT_BUNDLE_IDENTIFIER = com.morse.CrashDemo;
				PRODUCT_NAME = "$(TARGET_NAME)";
				TARGETED_DEVICE_FAMILY = "1,2";
			};
			name = Release;
		};
		8442258D2213EB4800181D23 /* Debug */ = {
			isa = XCBuildConfiguration;
			buildSettings = {
				BUNDLE_LOADER = "$(TEST_HOST)";
				CODE_SIGN_STYLE = Automatic;
				DEVELOPMENT_TEAM = PF9HQJWL24;
				INFOPLIST_FILE = CrashDemoTests/Info.plist;
				LD_RUNPATH_SEARCH_PATHS = "$(inherited) @executable_path/Frameworks @loader_path/Frameworks";
				PRODUCT_BUNDLE_IDENTIFIER = com.morse.CrashDemoTests;
				PRODUCT_NAME = "$(TARGET_NAME)";
				TARGETED_DEVICE_FAMILY = "1,2";
				TEST_HOST = "$(BUILT_PRODUCTS_DIR)/CrashDemo.app/CrashDemo";
			};
			name = Debug;
		};
		8442258E2213EB4800181D23 /* Release */ = {
			isa = XCBuildConfiguration;
			buildSettings = {
				BUNDLE_LOADER = "$(TEST_HOST)";
				CODE_SIGN_STYLE = Automatic;
				DEVELOPMENT_TEAM = PF9HQJWL24;
				INFOPLIST_FILE = CrashDemoTests/Info.plist;
				LD_RUNPATH_SEARCH_PATHS = "$(inherited) @executable_path/Frameworks @loader_path/Frameworks";
				PRODUCT_BUNDLE_IDENTIFIER = com.morse.CrashDemoTests;
				PRODUCT_NAME = "$(TARGET_NAME)";
				TARGETED_DEVICE_FAMILY = "1,2";
				TEST_HOST = "$(BUILT_PRODUCTS_DIR)/CrashDemo.app/CrashDemo";
			};
			name = Release;
		};
		844225902213EB4800181D23 /* Debug */ = {
			isa = XCBuildConfiguration;
			buildSettings = {
				CODE_SIGN_STYLE = Automatic;
				DEVELOPMENT_TEAM = PF9HQJWL24;
				INFOPLIST_FILE = CrashDemoUITests/Info.plist;
				LD_RUNPATH_SEARCH_PATHS = "$(inherited) @executable_path/Frameworks @loader_path/Frameworks";
				PRODUCT_BUNDLE_IDENTIFIER = com.morse.CrashDemoUITests;
				PRODUCT_NAME = "$(TARGET_NAME)";
				TARGETED_DEVICE_FAMILY = "1,2";
				TEST_TARGET_NAME = CrashDemo;
			};
			name = Debug;
		};
		844225912213EB4800181D23 /* Release */ = {
			isa = XCBuildConfiguration;
			buildSettings = {
				CODE_SIGN_STYLE = Automatic;
				DEVELOPMENT_TEAM = PF9HQJWL24;
				INFOPLIST_FILE = CrashDemoUITests/Info.plist;
				LD_RUNPATH_SEARCH_PATHS = "$(inherited) @executable_path/Frameworks @loader_path/Frameworks";
				PRODUCT_BUNDLE_IDENTIFIER = com.morse.CrashDemoUITests;
				PRODUCT_NAME = "$(TARGET_NAME)";
				TARGETED_DEVICE_FAMILY = "1,2";
				TEST_TARGET_NAME = CrashDemo;
			};
			name = Release;
		};
/* End XCBuildConfiguration section */

/* Begin XCConfigurationList section */
		844225582213EB4800181D23 /* Build configuration list for PBXProject "CrashDemo" */ = {
			isa = XCConfigurationList;
			buildConfigurations = (
				844225872213EB4800181D23 /* Debug */,
				844225882213EB4800181D23 /* Release */,
			);
			defaultConfigurationIsVisible = 0;
			defaultConfigurationName = Release;
		};
		844225892213EB4800181D23 /* Build configuration list for PBXNativeTarget "CrashDemo" */ = {
			isa = XCConfigurationList;
			buildConfigurations = (
				8442258A2213EB4800181D23 /* Debug */,
				8442258B2213EB4800181D23 /* Release */,
			);
			defaultConfigurationIsVisible = 0;
			defaultConfigurationName = Release;
		};
		8442258C2213EB4800181D23 /* Build configuration list for PBXNativeTarget "CrashDemoTests" */ = {
			isa = XCConfigurationList;
			buildConfigurations = (
				8442258D2213EB4800181D23 /* Debug */,
				8442258E2213EB4800181D23 /* Release */,
			);
			defaultConfigurationIsVisible = 0;
			defaultConfigurationName = Release;
		};
		8442258F2213EB4800181D23 /* Build configuration list for PBXNativeTarget "CrashDemoUITests" */ = {
			isa = XCConfigurationList;
			buildConfigurations = (
				844225902213EB4800181D23 /* Debug */,
				844225912213EB4800181D23 /* Release */,
			);
			defaultConfigurationIsVisible = 0;
			defaultConfigurationName = Release;
		};
/* End XCConfigurationList section */
	};
	rootObject = 844225552213EB4800181D23 /* Project object */;
}
